// !$*UTF8*$!
{
	archiveVersion = 1;
	classes = {
	};
	objectVersion = 46;
	objects = {

/* Begin PBXBuildFile section */
		5E4308B71513AF72001187C6 /* Foundation.framework in Frameworks */ = {isa = PBXBuildFile; fileRef = 5E4308B61513AF72001187C6 /* Foundation.framework */; };
		5E4308BA1513AF72001187C6 /* main.cpp in Sources */ = {isa = PBXBuildFile; fileRef = 5E4308B91513AF72001187C6 /* main.cpp */; };
		5E4308BC1513AF72001187C6 /* ResourcePath.mm in Sources */ = {isa = PBXBuildFile; fileRef = 5E4308BB1513AF72001187C6 /* ResourcePath.mm */; };
		5E4308C01513AF72001187C6 /* sansation.ttf in Resources */ = {isa = PBXBuildFile; fileRef = 5E4308BF1513AF72001187C6 /* sansation.ttf */; };
		5E4308C21513AF72001187C6 /* cute_image.jpg in Resources */ = {isa = PBXBuildFile; fileRef = 5E4308C11513AF72001187C6 /* cute_image.jpg */; };
		5E4308C41513AF72001187C6 /* nice_music.ogg in Resources */ = {isa = PBXBuildFile; fileRef = 5E4308C31513AF72001187C6 /* nice_music.ogg */; };
		5E4308C91513AF72001187C6 /* InfoPlist.strings in Resources */ = {isa = PBXBuildFile; fileRef = 5E4308C71513AF72001187C6 /* InfoPlist.strings */; };
/* End PBXBuildFile section */

/* Begin PBXFileReference section */
		5E4308B21513AF72001187C6 /* wombatcombat.app */ = {isa = PBXFileReference; explicitFileType = wrapper.application; includeInIndex = 0; path = wombatcombat.app; sourceTree = BUILT_PRODUCTS_DIR; };
		5E4308B61513AF72001187C6 /* Foundation.framework */ = {isa = PBXFileReference; lastKnownFileType = wrapper.framework; name = Foundation.framework; path = System/Library/Frameworks/Foundation.framework; sourceTree = SDKROOT; };
		5E4308B91513AF72001187C6 /* main.cpp */ = {isa = PBXFileReference; lastKnownFileType = sourcecode.cpp.cpp; path = main.cpp; sourceTree = "<group>"; };
		5E4308BB1513AF72001187C6 /* ResourcePath.mm */ = {isa = PBXFileReference; lastKnownFileType = sourcecode.cpp.objcpp; path = ResourcePath.mm; sourceTree = "<group>"; };
		5E4308BD1513AF72001187C6 /* ResourcePath.hpp */ = {isa = PBXFileReference; lastKnownFileType = sourcecode.cpp.h; path = ResourcePath.hpp; sourceTree = "<group>"; };
		5E4308BF1513AF72001187C6 /* sansation.ttf */ = {isa = PBXFileReference; lastKnownFileType = file; path = sansation.ttf; sourceTree = "<group>"; };
		5E4308C11513AF72001187C6 /* cute_image.jpg */ = {isa = PBXFileReference; lastKnownFileType = image.jpeg; path = cute_image.jpg; sourceTree = "<group>"; };
		5E4308C31513AF72001187C6 /* nice_music.ogg */ = {isa = PBXFileReference; lastKnownFileType = file; path = nice_music.ogg; sourceTree = "<group>"; };
		5E4308C61513AF72001187C6 /* wombatcombat-Info.plist */ = {isa = PBXFileReference; lastKnownFileType = text.plist.xml; path = "wombatcombat-Info.plist"; sourceTree = "<group>"; };
		5E4308C81513AF72001187C6 /* en */ = {isa = PBXFileReference; lastKnownFileType = text.plist.strings; name = en; path = en.lproj/InfoPlist.strings; sourceTree = "<group>"; };
/* End PBXFileReference section */

/* Begin PBXFrameworksBuildPhase section */
		5E4308AF1513AF72001187C6 /* Frameworks */ = {
			isa = PBXFrameworksBuildPhase;
			buildActionMask = 2147483647;
			files = (
				5E4308B71513AF72001187C6 /* Foundation.framework in Frameworks */,
			);
			runOnlyForDeploymentPostprocessing = 0;
		};
/* End PBXFrameworksBuildPhase section */

/* Begin PBXGroup section */
		5E4308A61513AF72001187C6 = {
			isa = PBXGroup;
			children = (
				5E4308B81513AF72001187C6 /* wombatcombat */,
				5E4308B51513AF72001187C6 /* Frameworks */,
				5E4308B31513AF72001187C6 /* Products */,
			);
			sourceTree = "<group>";
		};
		5E4308B31513AF72001187C6 /* Products */ = {
			isa = PBXGroup;
			children = (
				5E4308B21513AF72001187C6 /* wombatcombat.app */,
			);
			name = Products;
			sourceTree = "<group>";
		};
		5E4308B51513AF72001187C6 /* Frameworks */ = {
			isa = PBXGroup;
			children = (
				5E4308B61513AF72001187C6 /* Foundation.framework */,
			);
			name = Frameworks;
			sourceTree = "<group>";
		};
		5E4308B81513AF72001187C6 /* wombatcombat */ = {
			isa = PBXGroup;
			children = (
				5E4308B91513AF72001187C6 /* main.cpp */,
				5E4308BB1513AF72001187C6 /* ResourcePath.mm */,
				5E4308BD1513AF72001187C6 /* ResourcePath.hpp */,
				5E4308BE1513AF72001187C6 /* Resources */,
				5E4308C51513AF72001187C6 /* Supporting Files */,
			);
			path = wombatcombat;
			sourceTree = "<group>";
		};
		5E4308BE1513AF72001187C6 /* Resources */ = {
			isa = PBXGroup;
			children = (
				5E4308BF1513AF72001187C6 /* sansation.ttf */,
				5E4308C11513AF72001187C6 /* cute_image.jpg */,
				5E4308C31513AF72001187C6 /* nice_music.ogg */,
			);
			name = Resources;
			sourceTree = "<group>";
		};
		5E4308C51513AF72001187C6 /* Supporting Files */ = {
			isa = PBXGroup;
			children = (
				5E4308C61513AF72001187C6 /* wombatcombat-Info.plist */,
				5E4308C71513AF72001187C6 /* InfoPlist.strings */,
			);
			name = "Supporting Files";
			sourceTree = "<group>";
		};
/* End PBXGroup section */

/* Begin PBXNativeTarget section */
		5E4308B11513AF72001187C6 /* wombatcombat */ = {
			isa = PBXNativeTarget;
			buildConfigurationList = 5E4308CC1513AF72001187C6 /* Build configuration list for PBXNativeTarget "wombatcombat" */;
			buildPhases = (
				5E4308AD1513AF72001187C6 /* ShellScript */,
				5E4308AE1513AF72001187C6 /* Sources */,
				5E4308AF1513AF72001187C6 /* Frameworks */,
				5E4308B01513AF72001187C6 /* Resources */,
			);
			buildRules = (
			);
			dependencies = (
			);
			name = wombatcombat;
			productName = wombatcombat;
			productReference = 5E4308B21513AF72001187C6 /* wombatcombat.app */;
			productType = "com.apple.product-type.application";
		};
/* End PBXNativeTarget section */

/* Begin PBXProject section */
		5E4308A81513AF72001187C6 /* Project object */ = {
			isa = PBXProject;
			buildConfigurationList = 5E4308AB1513AF72001187C6 /* Build configuration list for PBXProject "wombatcombat" */;
			compatibilityVersion = "Xcode 3.2";
			developmentRegion = English;
			hasScannedForEncodings = 0;
			knownRegions = (
				en,
			);
			mainGroup = 5E4308A61513AF72001187C6;
			productRefGroup = 5E4308B31513AF72001187C6 /* Products */;
			projectDirPath = "";
			projectRoot = "";
			targets = (
				5E4308B11513AF72001187C6 /* wombatcombat */,
			);
		};
/* End PBXProject section */

/* Begin PBXResourcesBuildPhase section */
		5E4308B01513AF72001187C6 /* Resources */ = {
			isa = PBXResourcesBuildPhase;
			buildActionMask = 2147483647;
			files = (
				5E4308C01513AF72001187C6 /* sansation.ttf in Resources */,
				5E4308C21513AF72001187C6 /* cute_image.jpg in Resources */,
				5E4308C41513AF72001187C6 /* nice_music.ogg in Resources */,
				5E4308C91513AF72001187C6 /* InfoPlist.strings in Resources */,
			);
			runOnlyForDeploymentPostprocessing = 0;
		};
/* End PBXResourcesBuildPhase section */

/* Begin PBXShellScriptBuildPhase section */
		5E4308AD1513AF72001187C6 /* ShellScript */ = {
			isa = PBXShellScriptBuildPhase;
			buildActionMask = 2147483647;
			files = (
			);
			inputPaths = (
			);
			outputPaths = (
			);
			runOnlyForDeploymentPostprocessing = 0;
			shellPath = /bin/sh;
			shellScript = "# This shell script simply copies required sfml dylibs/frameworks into the application bundle frameworks folder.\n# If you're using static libraries (which is not recommended) you should remove this script from your project.\n\n# Are we building a project that uses framework or dylibs ?\nif [ $SFML_LINK_PREFIX = $SFML_LINK_FRAMEWORKS_PREFIX ]\nthen\n    frameworks=1\nelse\n    frameworks=0\nfi\n\nrequire () # $1 is a SFML module like 'system' or 'audio'\n{\n    dest=$BUILT_PRODUCTS_DIR/$PRODUCT_NAME.app/Contents/Frameworks\n    \n    if [ -z $1 ]\n    then\n        echo \"no parameter! ERROR!\"\n        exit\n    else\n        # clean potentially old stuff\n        rm -f $dest/libsfml-$1.2.dylib\n        rm -f $dest/libsfml-$1-d.2.dylib\n        rm -fr $dest/sfml-$1.framework\n    \n        # copy SFML libraries\n        if [ $frameworks ]\n        then\n            ditto \"/Library/Frameworks/sfml-$1.framework\" \"$dest/sfml-$1.framework\"\n        elif [ $CONFIGURATION = \"Debug\" ]\n        then\n            ditto \"/usr/local/lib/libsfml-$1-d.2.dylib\" \"$dest/libsfml-$1-d.2.dylib\"\n        else\n            ditto \"/usr/local/lib/libsfml-$1.2.dylib\" \"$dest/libsfml-$1.2.dylib\"\n        fi\n        \n        if [ $1 = \"audio\" ]\n        then\n            # copy sndfile framework too\n            ditto \"/Library/Frameworks/sndfile.framework\" \"$dest/sndfile.framework\"\n        fi\n    fi\n}\n\nif [ -n \"$SFML_SYSTEM\" ]\nthen\n    require \"system\"\nfi\n\nif [ -n \"$SFML_AUDIO\" ]\nthen\n    require \"audio\"\nfi\n\nif [ -n \"$SFML_NETWORK\" ]\nthen\n    require \"network\"\nfi\n\nif [ -n \"$SFML_WINDOW\" ]\nthen\n    require \"window\"\nfi\n\nif [ -n \"$SFML_GRAPHICS\" ]\nthen\n    require \"graphics\"\nfi\n\t\t\t\t\t";
		};
/* End PBXShellScriptBuildPhase section */

/* Begin PBXSourcesBuildPhase section */
		5E4308AE1513AF72001187C6 /* Sources */ = {
			isa = PBXSourcesBuildPhase;
			buildActionMask = 2147483647;
			files = (
				5E4308BA1513AF72001187C6 /* main.cpp in Sources */,
				5E4308BC1513AF72001187C6 /* ResourcePath.mm in Sources */,
			);
			runOnlyForDeploymentPostprocessing = 0;
		};
/* End PBXSourcesBuildPhase section */

/* Begin PBXVariantGroup section */
		5E4308C71513AF72001187C6 /* InfoPlist.strings */ = {
			isa = PBXVariantGroup;
			children = (
				5E4308C81513AF72001187C6 /* en */,
			);
			name = InfoPlist.strings;
			sourceTree = "<group>";
		};
/* End PBXVariantGroup section */

/* Begin XCBuildConfiguration section */
		5E4308CA1513AF72001187C6 /* Debug */ = {
			isa = XCBuildConfiguration;
			buildSettings = {
				ALWAYS_SEARCH_USER_PATHS = NO;
				ARCHS = "$(ARCHS_STANDARD_64_BIT)";
				CLANG_ENABLE_OBJC_ARC = "";
				COPY_PHASE_STRIP = NO;
				GCC_C_LANGUAGE_STANDARD = gnu99;
				GCC_DYNAMIC_NO_PIC = NO;
				GCC_ENABLE_OBJC_EXCEPTIONS = YES;
				GCC_ENABLE_OBJC_GC = unsupported;
				GCC_OPTIMIZATION_LEVEL = 0;
				GCC_PREPROCESSOR_DEFINITIONS = (
					"DEBUG=1",
					"$(inherited)",
				);
				GCC_SYMBOLS_PRIVATE_EXTERN = NO;
				GCC_VERSION = com.apple.compilers.llvm.clang.1_0;
				GCC_WARN_64_TO_32_BIT_CONVERSION = YES;
				GCC_WARN_ABOUT_MISSING_PROTOTYPES = YES;
				GCC_WARN_ABOUT_RETURN_TYPE = YES;
				GCC_WARN_UNUSED_VARIABLE = YES;
				HEADER_SEARCH_PATHS = "$(HEADER_SEARCH_PATHS)";
				MACOSX_DEPLOYMENT_TARGET = 10.7;
				ONLY_ACTIVE_ARCH = YES;
				OTHER_LDFLAGS = (
					"$(OTHER_LDFLAGS)",
					"$(SFML_SYSTEM)",
					"$(SFML_WINDOW)",
					"$(SFML_GRAPHICS)",
					"$(SFML_AUDIO)",
					"$(SFML_NETWORK)",
				);
				PRODUCT_NAME = "$(TARGET_NAME)";
				SDKROOT = macosx;
				SFML_AUDIO = "$(SFML_LINK_PREFIX)sfml-audio$(SFML_LINK_SUFFIX)";
				SFML_GRAPHICS = "$(SFML_LINK_PREFIX)sfml-graphics$(SFML_LINK_SUFFIX)";
				SFML_LINK_DYLIBS_PREFIX = "-l";
				SFML_LINK_DYLIBS_SUFFIX = "-d";
				SFML_LINK_FRAMEWORKS_PREFIX = "-framework ";
				SFML_LINK_FRAMEWORKS_SUFFIX = "";
				SFML_LINK_PREFIX = "$(SFML_LINK_FRAMEWORKS_PREFIX)";
				SFML_LINK_SUFFIX = "$(SFML_LINK_FRAMEWORKS_SUFFIX)";
				SFML_NETWORK = "$(SFML_LINK_PREFIX)sfml-network$(SFML_LINK_SUFFIX)";
				SFML_SYSTEM = "$(SFML_LINK_PREFIX)sfml-system$(SFML_LINK_SUFFIX)";
				SFML_WINDOW = "$(SFML_LINK_PREFIX)sfml-window$(SFML_LINK_SUFFIX)";
			};
			name = Debug;
		};
		5E4308CB1513AF72001187C6 /* Release */ = {
			isa = XCBuildConfiguration;
			buildSettings = {
				ALWAYS_SEARCH_USER_PATHS = NO;
				ARCHS = "$(ARCHS_STANDARD_64_BIT)";
				CLANG_ENABLE_OBJC_ARC = "";
				COPY_PHASE_STRIP = YES;
				DEBUG_INFORMATION_FORMAT = "dwarf-with-dsym";
				GCC_C_LANGUAGE_STANDARD = gnu99;
				GCC_ENABLE_OBJC_EXCEPTIONS = YES;
				GCC_ENABLE_OBJC_GC = unsupported;
				GCC_VERSION = com.apple.compilers.llvm.clang.1_0;
				GCC_WARN_64_TO_32_BIT_CONVERSION = YES;
				GCC_WARN_ABOUT_MISSING_PROTOTYPES = YES;
				GCC_WARN_ABOUT_RETURN_TYPE = YES;
				GCC_WARN_UNUSED_VARIABLE = YES;
				HEADER_SEARCH_PATHS = "$(HEADER_SEARCH_PATHS)";
				MACOSX_DEPLOYMENT_TARGET = 10.7;
				OTHER_LDFLAGS = (
					"$(OTHER_LDFLAGS)",
					"$(SFML_SYSTEM)",
					"$(SFML_WINDOW)",
					"$(SFML_GRAPHICS)",
					"$(SFML_AUDIO)",
					"$(SFML_NETWORK)",
				);
				PRODUCT_NAME = "$(TARGET_NAME)";
				SDKROOT = macosx;
				SFML_AUDIO = "$(SFML_LINK_PREFIX)sfml-audio$(SFML_LINK_SUFFIX)";
				SFML_GRAPHICS = "$(SFML_LINK_PREFIX)sfml-graphics$(SFML_LINK_SUFFIX)";
				SFML_LINK_DYLIBS_PREFIX = "-l";
				SFML_LINK_DYLIBS_SUFFIX = "";
				SFML_LINK_FRAMEWORKS_PREFIX = "-framework ";
				SFML_LINK_FRAMEWORKS_SUFFIX = "";
				SFML_LINK_PREFIX = "$(SFML_LINK_FRAMEWORKS_PREFIX)";
				SFML_LINK_SUFFIX = "$(SFML_LINK_FRAMEWORKS_SUFFIX)";
				SFML_NETWORK = "$(SFML_LINK_PREFIX)sfml-network$(SFML_LINK_SUFFIX)";
				SFML_SYSTEM = "$(SFML_LINK_PREFIX)sfml-system$(SFML_LINK_SUFFIX)";
				SFML_WINDOW = "$(SFML_LINK_PREFIX)sfml-window$(SFML_LINK_SUFFIX)";
			};
			name = Release;
		};
		5E4308CD1513AF72001187C6 /* Debug */ = {
			isa = XCBuildConfiguration;
			buildSettings = {
				COPY_PHASE_STRIP = NO;
				GCC_DYNAMIC_NO_PIC = NO;
				GCC_PRECOMPILE_PREFIX_HEADER = NO;
				GCC_PREFIX_HEADER = "";
				INFOPLIST_FILE = "wombatcombat/wombatcombat-Info.plist";
				PRODUCT_NAME = "$(TARGET_NAME)";
				WRAPPER_EXTENSION = app;
			};
			name = Debug;
		};
		5E4308CE1513AF72001187C6 /* Release */ = {
			isa = XCBuildConfiguration;
			buildSettings = {
				COPY_PHASE_STRIP = YES;
				GCC_PRECOMPILE_PREFIX_HEADER = NO;
				GCC_PREFIX_HEADER = "";
				INFOPLIST_FILE = "wombatcombat/wombatcombat-Info.plist";
				PRODUCT_NAME = "$(TARGET_NAME)";
				WRAPPER_EXTENSION = app;
			};
			name = Release;
		};
/* End XCBuildConfiguration section */

/* Begin XCConfigurationList section */
		5E4308AB1513AF72001187C6 /* Build configuration list for PBXProject "wombatcombat" */ = {
			isa = XCConfigurationList;
			buildConfigurations = (
				5E4308CA1513AF72001187C6 /* Debug */,
				5E4308CB1513AF72001187C6 /* Release */,
			);
			defaultConfigurationIsVisible = 0;
			defaultConfigurationName = Release;
		};
		5E4308CC1513AF72001187C6 /* Build configuration list for PBXNativeTarget "wombatcombat" */ = {
			isa = XCConfigurationList;
			buildConfigurations = (
				5E4308CD1513AF72001187C6 /* Debug */,
				5E4308CE1513AF72001187C6 /* Release */,
			);
			defaultConfigurationIsVisible = 0;
		};
/* End XCConfigurationList section */
	};
	rootObject = 5E4308A81513AF72001187C6 /* Project object */;
}
