// !$*UTF8*$!
{
	archiveVersion = 1;
	classes = {
	};
	objectVersion = 46;
	objects = {

/* Begin PBXBuildFile section */
		5E625EB81513E7BE0076984F /* Foundation.framework in Frameworks */ = {isa = PBXBuildFile; fileRef = 5E625EB71513E7BE0076984F /* Foundation.framework */; };
		5E625EBB1513E7BE0076984F /* main.cpp in Sources */ = {isa = PBXBuildFile; fileRef = 5E625EBA1513E7BE0076984F /* main.cpp */; };
		5E625ECA1513E7BE0076984F /* InfoPlist.strings in Resources */ = {isa = PBXBuildFile; fileRef = 5E625EC81513E7BE0076984F /* InfoPlist.strings */; };
		5E625EDA1513E7EE0076984F /* GameContainer.cpp in Sources */ = {isa = PBXBuildFile; fileRef = 5E625ED51513E7EE0076984F /* GameContainer.cpp */; };
		5E625EDB1513E7EE0076984F /* libBox2D.a in Frameworks */ = {isa = PBXBuildFile; fileRef = 5E625ED71513E7EE0076984F /* libBox2D.a */; };
		5E625EDC1513E7EE0076984F /* Terrain.cpp in Sources */ = {isa = PBXBuildFile; fileRef = 5E625ED81513E7EE0076984F /* Terrain.cpp */; };
/* End PBXBuildFile section */

/* Begin PBXFileReference section */
		5E625EB31513E7BE0076984F /* wombatcombat.app */ = {isa = PBXFileReference; explicitFileType = wrapper.application; includeInIndex = 0; path = wombatcombat.app; sourceTree = BUILT_PRODUCTS_DIR; };
		5E625EB71513E7BE0076984F /* Foundation.framework */ = {isa = PBXFileReference; lastKnownFileType = wrapper.framework; name = Foundation.framework; path = System/Library/Frameworks/Foundation.framework; sourceTree = SDKROOT; };
		5E625EBA1513E7BE0076984F /* main.cpp */ = {isa = PBXFileReference; lastKnownFileType = sourcecode.cpp.cpp; path = main.cpp; sourceTree = "<group>"; };
		5E625EC71513E7BE0076984F /* wombatcombat-Info.plist */ = {isa = PBXFileReference; lastKnownFileType = text.plist.xml; path = "wombatcombat-Info.plist"; sourceTree = "<group>"; };
		5E625EC91513E7BE0076984F /* en */ = {isa = PBXFileReference; lastKnownFileType = text.plist.strings; name = en; path = en.lproj/InfoPlist.strings; sourceTree = "<group>"; };
		5E625ED51513E7EE0076984F /* GameContainer.cpp */ = {isa = PBXFileReference; fileEncoding = 4; lastKnownFileType = sourcecode.cpp.cpp; path = GameContainer.cpp; sourceTree = "<group>"; };
		5E625ED61513E7EE0076984F /* GameContainer.h */ = {isa = PBXFileReference; fileEncoding = 4; lastKnownFileType = sourcecode.c.h; path = GameContainer.h; sourceTree = "<group>"; };
		5E625ED71513E7EE0076984F /* libBox2D.a */ = {isa = PBXFileReference; lastKnownFileType = archive.ar; path = libBox2D.a; sourceTree = "<group>"; };
		5E625ED81513E7EE0076984F /* Terrain.cpp */ = {isa = PBXFileReference; fileEncoding = 4; lastKnownFileType = sourcecode.cpp.cpp; path = Terrain.cpp; sourceTree = "<group>"; };
		5E625ED91513E7EE0076984F /* Terrain.h */ = {isa = PBXFileReference; fileEncoding = 4; lastKnownFileType = sourcecode.c.h; path = Terrain.h; sourceTree = "<group>"; };
/* End PBXFileReference section */

/* Begin PBXFrameworksBuildPhase section */
		5E625EB01513E7BE0076984F /* Frameworks */ = {
			isa = PBXFrameworksBuildPhase;
			buildActionMask = 2147483647;
			files = (
				5E625EB81513E7BE0076984F /* Foundation.framework in Frameworks */,
				5E625EDB1513E7EE0076984F /* libBox2D.a in Frameworks */,
			);
			runOnlyForDeploymentPostprocessing = 0;
		};
/* End PBXFrameworksBuildPhase section */

/* Begin PBXGroup section */
		5E625EA71513E7BE0076984F = {
			isa = PBXGroup;
			children = (
				5E625EB91513E7BE0076984F /* wombatcombat */,
				5E625EB61513E7BE0076984F /* Frameworks */,
				5E625EB41513E7BE0076984F /* Products */,
			);
			sourceTree = "<group>";
		};
		5E625EB41513E7BE0076984F /* Products */ = {
			isa = PBXGroup;
			children = (
				5E625EB31513E7BE0076984F /* wombatcombat.app */,
			);
			name = Products;
			sourceTree = "<group>";
		};
		5E625EB61513E7BE0076984F /* Frameworks */ = {
			isa = PBXGroup;
			children = (
				5E625EB71513E7BE0076984F /* Foundation.framework */,
			);
			name = Frameworks;
			sourceTree = "<group>";
		};
		5E625EB91513E7BE0076984F /* wombatcombat */ = {
			isa = PBXGroup;
			children = (
				5E625ED51513E7EE0076984F /* GameContainer.cpp */,
				5E625ED61513E7EE0076984F /* GameContainer.h */,
				5E625ED71513E7EE0076984F /* libBox2D.a */,
				5E625ED81513E7EE0076984F /* Terrain.cpp */,
				5E625ED91513E7EE0076984F /* Terrain.h */,
				5E625EBA1513E7BE0076984F /* main.cpp */,
				5E625EC61513E7BE0076984F /* Supporting Files */,
			);
			path = wombatcombat;
			sourceTree = "<group>";
		};
		5E625EC61513E7BE0076984F /* Supporting Files */ = {
			isa = PBXGroup;
			children = (
				5E625EC71513E7BE0076984F /* wombatcombat-Info.plist */,
				5E625EC81513E7BE0076984F /* InfoPlist.strings */,
			);
			name = "Supporting Files";
			sourceTree = "<group>";
		};
/* End PBXGroup section */

/* Begin PBXNativeTarget section */
		5E625EB21513E7BE0076984F /* wombatcombat */ = {
			isa = PBXNativeTarget;
			buildConfigurationList = 5E625ECD1513E7BE0076984F /* Build configuration list for PBXNativeTarget "wombatcombat" */;
			buildPhases = (
				5E625EAE1513E7BE0076984F /* ShellScript */,
				5E625EAF1513E7BE0076984F /* Sources */,
				5E625EB01513E7BE0076984F /* Frameworks */,
				5E625EB11513E7BE0076984F /* Resources */,
			);
			buildRules = (
			);
			dependencies = (
			);
			name = wombatcombat;
			productName = wombatcombat;
			productReference = 5E625EB31513E7BE0076984F /* wombatcombat.app */;
			productType = "com.apple.product-type.application";
		};
/* End PBXNativeTarget section */

/* Begin PBXProject section */
		5E625EA91513E7BE0076984F /* Project object */ = {
			isa = PBXProject;
			buildConfigurationList = 5E625EAC1513E7BE0076984F /* Build configuration list for PBXProject "wombatcombat" */;
			compatibilityVersion = "Xcode 3.2";
			developmentRegion = English;
			hasScannedForEncodings = 0;
			knownRegions = (
				en,
			);
			mainGroup = 5E625EA71513E7BE0076984F;
			productRefGroup = 5E625EB41513E7BE0076984F /* Products */;
			projectDirPath = "";
			projectRoot = "";
			targets = (
				5E625EB21513E7BE0076984F /* wombatcombat */,
			);
		};
/* End PBXProject section */

/* Begin PBXResourcesBuildPhase section */
		5E625EB11513E7BE0076984F /* Resources */ = {
			isa = PBXResourcesBuildPhase;
			buildActionMask = 2147483647;
			files = (
				5E625ECA1513E7BE0076984F /* InfoPlist.strings in Resources */,
			);
			runOnlyForDeploymentPostprocessing = 0;
		};
/* End PBXResourcesBuildPhase section */

/* Begin PBXShellScriptBuildPhase section */
		5E625EAE1513E7BE0076984F /* ShellScript */ = {
			isa = PBXShellScriptBuildPhase;
			buildActionMask = 2147483647;
			files = (
			);
			inputPaths = (
			);
			outputPaths = (
			);
			runOnlyForDeploymentPostprocessing = 0;
			shellPath = /bin/sh;
			shellScript = "# This shell script simply copies required sfml dylibs/frameworks into the application bundle frameworks folder.\n# If you're using static libraries (which is not recommended) you should remove this script from your project.\n\n# Are we building a project that uses framework or dylibs ?\nif [ $SFML_LINK_PREFIX = $SFML_LINK_FRAMEWORKS_PREFIX ]\nthen\n    frameworks=1\nelse\n    frameworks=0\nfi\n\nrequire () # $1 is a SFML module like 'system' or 'audio'\n{\n    dest=$BUILT_PRODUCTS_DIR/$PRODUCT_NAME.app/Contents/Frameworks\n    \n    if [ -z $1 ]\n    then\n        echo \"no parameter! ERROR!\"\n        exit\n    else\n        # clean potentially old stuff\n        rm -f $dest/libsfml-$1.2.dylib\n        rm -f $dest/libsfml-$1-d.2.dylib\n        rm -fr $dest/sfml-$1.framework\n    \n        # copy SFML libraries\n        if [ $frameworks ]\n        then\n            ditto \"/Library/Frameworks/sfml-$1.framework\" \"$dest/sfml-$1.framework\"\n        elif [ $CONFIGURATION = \"Debug\" ]\n        then\n            ditto \"/usr/local/lib/libsfml-$1-d.2.dylib\" \"$dest/libsfml-$1-d.2.dylib\"\n        else\n            ditto \"/usr/local/lib/libsfml-$1.2.dylib\" \"$dest/libsfml-$1.2.dylib\"\n        fi\n        \n        if [ $1 = \"audio\" ]\n        then\n            # copy sndfile framework too\n            ditto \"/Library/Frameworks/sndfile.framework\" \"$dest/sndfile.framework\"\n        fi\n    fi\n}\n\nif [ -n \"$SFML_SYSTEM\" ]\nthen\n    require \"system\"\nfi\n\nif [ -n \"$SFML_AUDIO\" ]\nthen\n    require \"audio\"\nfi\n\nif [ -n \"$SFML_NETWORK\" ]\nthen\n    require \"network\"\nfi\n\nif [ -n \"$SFML_WINDOW\" ]\nthen\n    require \"window\"\nfi\n\nif [ -n \"$SFML_GRAPHICS\" ]\nthen\n    require \"graphics\"\nfi\n\t\t\t\t\t";
		};
/* End PBXShellScriptBuildPhase section */

/* Begin PBXSourcesBuildPhase section */
		5E625EAF1513E7BE0076984F /* Sources */ = {
			isa = PBXSourcesBuildPhase;
			buildActionMask = 2147483647;
			files = (
				5E625EBB1513E7BE0076984F /* main.cpp in Sources */,
				5E625EDA1513E7EE0076984F /* GameContainer.cpp in Sources */,
				5E625EDC1513E7EE0076984F /* Terrain.cpp in Sources */,
			);
			runOnlyForDeploymentPostprocessing = 0;
		};
/* End PBXSourcesBuildPhase section */

/* Begin PBXVariantGroup section */
		5E625EC81513E7BE0076984F /* InfoPlist.strings */ = {
			isa = PBXVariantGroup;
			children = (
				5E625EC91513E7BE0076984F /* en */,
			);
			name = InfoPlist.strings;
			sourceTree = "<group>";
		};
/* End PBXVariantGroup section */

/* Begin XCBuildConfiguration section */
		5E625ECB1513E7BE0076984F /* Debug */ = {
			isa = XCBuildConfiguration;
			buildSettings = {
				ALWAYS_SEARCH_USER_PATHS = NO;
				ARCHS = "$(ARCHS_STANDARD_64_BIT)";
				CLANG_ENABLE_OBJC_ARC = "";
				COPY_PHASE_STRIP = NO;
				GCC_C_LANGUAGE_STANDARD = gnu99;
				GCC_DYNAMIC_NO_PIC = NO;
				GCC_ENABLE_OBJC_EXCEPTIONS = YES;
				GCC_ENABLE_OBJC_GC = unsupported;
				GCC_OPTIMIZATION_LEVEL = 0;
				GCC_PREPROCESSOR_DEFINITIONS = (
					"DEBUG=1",
					"$(inherited)",
				);
				GCC_SYMBOLS_PRIVATE_EXTERN = NO;
				GCC_VERSION = com.apple.compilers.llvm.clang.1_0;
				GCC_WARN_64_TO_32_BIT_CONVERSION = YES;
				GCC_WARN_ABOUT_MISSING_PROTOTYPES = YES;
				GCC_WARN_ABOUT_RETURN_TYPE = YES;
				GCC_WARN_UNUSED_VARIABLE = YES;
				HEADER_SEARCH_PATHS = "$(HEADER_SEARCH_PATHS)";
				MACOSX_DEPLOYMENT_TARGET = 10.7;
				ONLY_ACTIVE_ARCH = YES;
				OTHER_LDFLAGS = (
					"$(OTHER_LDFLAGS)",
					"$(SFML_SYSTEM)",
					"$(SFML_WINDOW)",
					"$(SFML_GRAPHICS)",
					"$(SFML_AUDIO)",
					"$(SFML_NETWORK)",
				);
				PRODUCT_NAME = "$(TARGET_NAME)";
				SDKROOT = macosx;
				SFML_AUDIO = "$(SFML_LINK_PREFIX)sfml-audio$(SFML_LINK_SUFFIX)";
				SFML_GRAPHICS = "$(SFML_LINK_PREFIX)sfml-graphics$(SFML_LINK_SUFFIX)";
				SFML_LINK_DYLIBS_PREFIX = "-l";
				SFML_LINK_DYLIBS_SUFFIX = "-d";
				SFML_LINK_FRAMEWORKS_PREFIX = "-framework ";
				SFML_LINK_FRAMEWORKS_SUFFIX = "";
				SFML_LINK_PREFIX = "$(SFML_LINK_FRAMEWORKS_PREFIX)";
				SFML_LINK_SUFFIX = "$(SFML_LINK_FRAMEWORKS_SUFFIX)";
				SFML_NETWORK = "$(SFML_LINK_PREFIX)sfml-network$(SFML_LINK_SUFFIX)";
				SFML_SYSTEM = "$(SFML_LINK_PREFIX)sfml-system$(SFML_LINK_SUFFIX)";
				SFML_WINDOW = "$(SFML_LINK_PREFIX)sfml-window$(SFML_LINK_SUFFIX)";
			};
			name = Debug;
		};
		5E625ECC1513E7BE0076984F /* Release */ = {
			isa = XCBuildConfiguration;
			buildSettings = {
				ALWAYS_SEARCH_USER_PATHS = NO;
				ARCHS = "$(ARCHS_STANDARD_64_BIT)";
				CLANG_ENABLE_OBJC_ARC = "";
				COPY_PHASE_STRIP = YES;
				DEBUG_INFORMATION_FORMAT = "dwarf-with-dsym";
				GCC_C_LANGUAGE_STANDARD = gnu99;
				GCC_ENABLE_OBJC_EXCEPTIONS = YES;
				GCC_ENABLE_OBJC_GC = unsupported;
				GCC_VERSION = com.apple.compilers.llvm.clang.1_0;
				GCC_WARN_64_TO_32_BIT_CONVERSION = YES;
				GCC_WARN_ABOUT_MISSING_PROTOTYPES = YES;
				GCC_WARN_ABOUT_RETURN_TYPE = YES;
				GCC_WARN_UNUSED_VARIABLE = YES;
				HEADER_SEARCH_PATHS = "$(HEADER_SEARCH_PATHS)";
				MACOSX_DEPLOYMENT_TARGET = 10.7;
				OTHER_LDFLAGS = (
					"$(OTHER_LDFLAGS)",
					"$(SFML_SYSTEM)",
					"$(SFML_WINDOW)",
					"$(SFML_GRAPHICS)",
					"$(SFML_AUDIO)",
					"$(SFML_NETWORK)",
				);
				PRODUCT_NAME = "$(TARGET_NAME)";
				SDKROOT = macosx;
				SFML_AUDIO = "$(SFML_LINK_PREFIX)sfml-audio$(SFML_LINK_SUFFIX)";
				SFML_GRAPHICS = "$(SFML_LINK_PREFIX)sfml-graphics$(SFML_LINK_SUFFIX)";
				SFML_LINK_DYLIBS_PREFIX = "-l";
				SFML_LINK_DYLIBS_SUFFIX = "";
				SFML_LINK_FRAMEWORKS_PREFIX = "-framework ";
				SFML_LINK_FRAMEWORKS_SUFFIX = "";
				SFML_LINK_PREFIX = "$(SFML_LINK_FRAMEWORKS_PREFIX)";
				SFML_LINK_SUFFIX = "$(SFML_LINK_FRAMEWORKS_SUFFIX)";
				SFML_NETWORK = "$(SFML_LINK_PREFIX)sfml-network$(SFML_LINK_SUFFIX)";
				SFML_SYSTEM = "$(SFML_LINK_PREFIX)sfml-system$(SFML_LINK_SUFFIX)";
				SFML_WINDOW = "$(SFML_LINK_PREFIX)sfml-window$(SFML_LINK_SUFFIX)";
			};
			name = Release;
		};
		5E625ECE1513E7BE0076984F /* Debug */ = {
			isa = XCBuildConfiguration;
			buildSettings = {
				COPY_PHASE_STRIP = NO;
				GCC_DYNAMIC_NO_PIC = NO;
				GCC_PRECOMPILE_PREFIX_HEADER = NO;
				GCC_PREFIX_HEADER = "";
				HEADER_SEARCH_PATHS = (
					/usr/local/include,
					"$(HEADER_SEARCH_PATHS)",
				);
				INFOPLIST_FILE = "wombatcombat/wombatcombat-Info.plist";
				LIBRARY_SEARCH_PATHS = (
					"$(inherited)",
					"\"$(SRCROOT)/wombatcombat\"",
				);
				PRODUCT_NAME = "$(TARGET_NAME)";
				WRAPPER_EXTENSION = app;
			};
			name = Debug;
		};
		5E625ECF1513E7BE0076984F /* Release */ = {
			isa = XCBuildConfiguration;
			buildSettings = {
				COPY_PHASE_STRIP = YES;
				GCC_PRECOMPILE_PREFIX_HEADER = NO;
				GCC_PREFIX_HEADER = "";
				HEADER_SEARCH_PATHS = (
					/usr/local/include,
					"$(HEADER_SEARCH_PATHS)",
				);
				INFOPLIST_FILE = "wombatcombat/wombatcombat-Info.plist";
				LIBRARY_SEARCH_PATHS = (
					"$(inherited)",
					"\"$(SRCROOT)/wombatcombat\"",
				);
				PRODUCT_NAME = "$(TARGET_NAME)";
				WRAPPER_EXTENSION = app;
			};
			name = Release;
		};
/* End XCBuildConfiguration section */

/* Begin XCConfigurationList section */
		5E625EAC1513E7BE0076984F /* Build configuration list for PBXProject "wombatcombat" */ = {
			isa = XCConfigurationList;
			buildConfigurations = (
				5E625ECB1513E7BE0076984F /* Debug */,
				5E625ECC1513E7BE0076984F /* Release */,
			);
			defaultConfigurationIsVisible = 0;
			defaultConfigurationName = Release;
		};
		5E625ECD1513E7BE0076984F /* Build configuration list for PBXNativeTarget "wombatcombat" */ = {
			isa = XCConfigurationList;
			buildConfigurations = (
				5E625ECE1513E7BE0076984F /* Debug */,
				5E625ECF1513E7BE0076984F /* Release */,
			);
			defaultConfigurationIsVisible = 0;
			defaultConfigurationName = Release;
		};
/* End XCConfigurationList section */
	};
	rootObject = 5E625EA91513E7BE0076984F /* Project object */;
}
